
Microsoft Visual Studio Solution File, Format Version 12.00
# Visual Studio Version 17
VisualStudioVersion = 17.0.31903.59
MinimumVisualStudioVersion = 10.0.40219.1
Project("{FAE04EC0-301F-11D3-BF4B-00C04F79EFBC}") = "GameTheoryLanguage", "GameTheoryLanguage\GameTheoryLanguage.csproj", "{FAEDA8CD-06B4-41A8-8C5C-678BBFF3D519}"
EndProject
Project("{FAE04EC0-301F-11D3-BF4B-00C04F79EFBC}") = "GameTheoryLanguageTests", "GameTheoryLanguageTests\GameTheoryLanguageTests.csproj", "{A7CA03F7-2B06-4F64-BF65-EEE3E7C92C41}"
EndProject
Global
	GlobalSection(SolutionConfigurationPlatforms) = preSolution
		Debug|Any CPU = Debug|Any CPU
		Release|Any CPU = Release|Any CPU
	EndGlobalSection
	GlobalSection(SolutionProperties) = preSolution
		HideSolutionNode = FALSE
	EndGlobalSection
	GlobalSection(ProjectConfigurationPlatforms) = postSolution
		{FAEDA8CD-06B4-41A8-8C5C-678BBFF3D519}.Debug|Any CPU.ActiveCfg = Debug|Any CPU
		{FAEDA8CD-06B4-41A8-8C5C-678BBFF3D519}.Debug|Any CPU.Build.0 = Debug|Any CPU
		{FAEDA8CD-06B4-41A8-8C5C-678BBFF3D519}.Release|Any CPU.ActiveCfg = Release|Any CPU
		{FAEDA8CD-06B4-41A8-8C5C-678BBFF3D519}.Release|Any CPU.Build.0 = Release|Any CPU
		{A7CA03F7-2B06-4F64-BF65-EEE3E7C92C41}.Debug|Any CPU.ActiveCfg = Debug|Any CPU
		{A7CA03F7-2B06-4F64-BF65-EEE3E7C92C41}.Debug|Any CPU.Build.0 = Debug|Any CPU
		{A7CA03F7-2B06-4F64-BF65-EEE3E7C92C41}.Release|Any CPU.ActiveCfg = Release|Any CPU
		{A7CA03F7-2B06-4F64-BF65-EEE3E7C92C41}.Release|Any CPU.Build.0 = Release|Any CPU
	EndGlobalSection
EndGlobal
